// !$*UTF8*$!
{
	archiveVersion = 1;
	classes = {
	};
	objectVersion = 46;
	objects = {

/* Begin PBXBuildFile section */
		8C0380DC1BF278DE0093811A /* AppDelegate.swift in Sources */ = {isa = PBXBuildFile; fileRef = 8C0380DB1BF278DE0093811A /* AppDelegate.swift */; };
		8C0380DE1BF278DE0093811A /* ViewController.swift in Sources */ = {isa = PBXBuildFile; fileRef = 8C0380DD1BF278DE0093811A /* ViewController.swift */; };
		8C0380E11BF278DE0093811A /* Main.storyboard in Resources */ = {isa = PBXBuildFile; fileRef = 8C0380DF1BF278DE0093811A /* Main.storyboard */; };
		8C0380E31BF278DE0093811A /* Assets.xcassets in Resources */ = {isa = PBXBuildFile; fileRef = 8C0380E21BF278DE0093811A /* Assets.xcassets */; };
		8C0380E61BF278DE0093811A /* LaunchScreen.storyboard in Resources */ = {isa = PBXBuildFile; fileRef = 8C0380E41BF278DE0093811A /* LaunchScreen.storyboard */; };
/* End PBXBuildFile section */

/* Begin PBXFileReference section */
		8C0380D81BF278DE0093811A /* Pizzas Laguna.app */ = {isa = PBXFileReference; explicitFileType = wrapper.application; includeInIndex = 0; path = "Pizzas Laguna.app"; sourceTree = BUILT_PRODUCTS_DIR; };
		8C0380DB1BF278DE0093811A /* AppDelegate.swift */ = {isa = PBXFileReference; lastKnownFileType = sourcecode.swift; path = AppDelegate.swift; sourceTree = "<group>"; };
		8C0380DD1BF278DE0093811A /* ViewController.swift */ = {isa = PBXFileReference; lastKnownFileType = sourcecode.swift; path = ViewController.swift; sourceTree = "<group>"; };
		8C0380E01BF278DE0093811A /* Base */ = {isa = PBXFileReference; lastKnownFileType = file.storyboard; name = Base; path = Base.lproj/Main.storyboard; sourceTree = "<group>"; };
		8C0380E21BF278DE0093811A /* Assets.xcassets */ = {isa = PBXFileReference; lastKnownFileType = folder.assetcatalog; path = Assets.xcassets; sourceTree = "<group>"; };
		8C0380E51BF278DE0093811A /* Base */ = {isa = PBXFileReference; lastKnownFileType = file.storyboard; name = Base; path = Base.lproj/LaunchScreen.storyboard; sourceTree = "<group>"; };
		8C0380E71BF278DE0093811A /* Info.plist */ = {isa = PBXFileReference; lastKnownFileType = text.plist.xml; path = Info.plist; sourceTree = "<group>"; };
/* End PBXFileReference section */

/* Begin PBXFrameworksBuildPhase section */
		8C0380D51BF278DE0093811A /* Frameworks */ = {
			isa = PBXFrameworksBuildPhase;
			buildActionMask = 2147483647;
			files = (
			);
			runOnlyForDeploymentPostprocessing = 0;
		};
/* End PBXFrameworksBuildPhase section */

/* Begin PBXGroup section */
		8C0380CF1BF278DD0093811A = {
			isa = PBXGroup;
			children = (
				8C0380DA1BF278DE0093811A /* Pizzas Laguna */,
				8C0380D91BF278DE0093811A /* Products */,
			);
			sourceTree = "<group>";
		};
		8C0380D91BF278DE0093811A /* Products */ = {
			isa = PBXGroup;
			children = (
				8C0380D81BF278DE0093811A /* Pizzas Laguna.app */,
			);
			name = Products;
			sourceTree = "<group>";
		};
		8C0380DA1BF278DE0093811A /* Pizzas Laguna */ = {
			isa = PBXGroup;
			children = (
				8C0380DB1BF278DE0093811A /* AppDelegate.swift */,
				8C0380DD1BF278DE0093811A /* ViewController.swift */,
				8C0380DF1BF278DE0093811A /* Main.storyboard */,
				8C0380E21BF278DE0093811A /* Assets.xcassets */,
				8C0380E41BF278DE0093811A /* LaunchScreen.storyboard */,
				8C0380E71BF278DE0093811A /* Info.plist */,
			);
			path = "Pizzas Laguna";
			sourceTree = "<group>";
		};
/* End PBXGroup section */

/* Begin PBXNativeTarget section */
		8C0380D71BF278DE0093811A /* Pizzas Laguna */ = {
			isa = PBXNativeTarget;
			buildConfigurationList = 8C0380EA1BF278DE0093811A /* Build configuration list for PBXNativeTarget "Pizzas Laguna" */;
			buildPhases = (
				8C0380D41BF278DE0093811A /* Sources */,
				8C0380D51BF278DE0093811A /* Frameworks */,
				8C0380D61BF278DE0093811A /* Resources */,
			);
			buildRules = (
			);
			dependencies = (
			);
			name = "Pizzas Laguna";
			productName = "Pizzas Laguna";
			productReference = 8C0380D81BF278DE0093811A /* Pizzas Laguna.app */;
			productType = "com.apple.product-type.application";
		};
/* End PBXNativeTarget section */

/* Begin PBXProject section */
		8C0380D01BF278DD0093811A /* Project object */ = {
			isa = PBXProject;
			attributes = {
				LastSwiftUpdateCheck = 0710;
				LastUpgradeCheck = 0710;
				ORGANIZATIONNAME = lagunahack;
				TargetAttributes = {
					8C0380D71BF278DE0093811A = {
						CreatedOnToolsVersion = 7.1;
					};
				};
			};
			buildConfigurationList = 8C0380D31BF278DD0093811A /* Build configuration list for PBXProject "Pizzas Laguna" */;
			compatibilityVersion = "Xcode 3.2";
			developmentRegion = English;
			hasScannedForEncodings = 0;
			knownRegions = (
				en,
				Base,
			);
			mainGroup = 8C0380CF1BF278DD0093811A;
			productRefGroup = 8C0380D91BF278DE0093811A /* Products */;
			projectDirPath = "";
			projectRoot = "";
			targets = (
				8C0380D71BF278DE0093811A /* Pizzas Laguna */,
			);
		};
/* End PBXProject section */

/* Begin PBXResourcesBuildPhase section */
		8C0380D61BF278DE0093811A /* Resources */ = {
			isa = PBXResourcesBuildPhase;
			buildActionMask = 2147483647;
			files = (
				8C0380E61BF278DE0093811A /* LaunchScreen.storyboard in Resources */,
				8C0380E31BF278DE0093811A /* Assets.xcassets in Resources */,
				8C0380E11BF278DE0093811A /* Main.storyboard in Resources */,
			);
			runOnlyForDeploymentPostprocessing = 0;
		};
/* End PBXResourcesBuildPhase section */

/* Begin PBXSourcesBuildPhase section */
		8C0380D41BF278DE0093811A /* Sources */ = {
			isa = PBXSourcesBuildPhase;
			buildActionMask = 2147483647;
			files = (
				8C0380DE1BF278DE0093811A /* ViewController.swift in Sources */,
				8C0380DC1BF278DE0093811A /* AppDelegate.swift in Sources */,
			);
			runOnlyForDeploymentPostprocessing = 0;
		};
/* End PBXSourcesBuildPhase section */

/* Begin PBXVariantGroup section */
		8C0380DF1BF278DE0093811A /* Main.storyboard */ = {
			isa = PBXVariantGroup;
			children = (
				8C0380E01BF278DE0093811A /* Base */,
			);
			name = Main.storyboard;
			sourceTree = "<group>";
		};
		8C0380E41BF278DE0093811A /* LaunchScreen.storyboard */ = {
			isa = PBXVariantGroup;
			children = (
				8C0380E51BF278DE0093811A /* Base */,
			);
			name = LaunchScreen.storyboard;
			sourceTree = "<group>";
		};
/* End PBXVariantGroup section */

/* Begin XCBuildConfiguration section */
		8C0380E81BF278DE0093811A /* Debug */ = {
			isa = XCBuildConfiguration;
			buildSettings = {
				ALWAYS_SEARCH_USER_PATHS = NO;
				CLANG_CXX_LANGUAGE_STANDARD = "gnu++0x";
				CLANG_CXX_LIBRARY = "libc++";
				CLANG_ENABLE_MODULES = YES;
				CLANG_ENABLE_OBJC_ARC = YES;
				CLANG_WARN_BOOL_CONVERSION = YES;
				CLANG_WARN_CONSTANT_CONVERSION = YES;
				CLANG_WARN_DIRECT_OBJC_ISA_USAGE = YES_ERROR;
				CLANG_WARN_EMPTY_BODY = YES;
				CLANG_WARN_ENUM_CONVERSION = YES;
				CLANG_WARN_INT_CONVERSION = YES;
				CLANG_WARN_OBJC_ROOT_CLASS = YES_ERROR;
				CLANG_WARN_UNREACHABLE_CODE = YES;
				CLANG_WARN__DUPLICATE_METHOD_MATCH = YES;
				"CODE_SIGN_IDENTITY[sdk=iphoneos*]" = "iPhone Developer";
				COPY_PHASE_STRIP = NO;
				DEBUG_INFORMATION_FORMAT = dwarf;
				ENABLE_STRICT_OBJC_MSGSEND = YES;
				ENABLE_TESTABILITY = YES;
				GCC_C_LANGUAGE_STANDARD = gnu99;
				GCC_DYNAMIC_NO_PIC = NO;
				GCC_NO_COMMON_BLOCKS = YES;
				GCC_OPTIMIZATION_LEVEL = 0;
				GCC_PREPROCESSOR_DEFINITIONS = (
					"DEBUG=1",
					"$(inherited)",
				);
				GCC_WARN_64_TO_32_BIT_CONVERSION = YES;
				GCC_WARN_ABOUT_RETURN_TYPE = YES_ERROR;
				GCC_WARN_UNDECLARED_SELECTOR = YES;
				GCC_WARN_UNINITIALIZED_AUTOS = YES_AGGRESSIVE;
				GCC_WARN_UNUSED_FUNCTION = YES;
				GCC_WARN_UNUSED_VARIABLE = YES;
				IPHONEOS_DEPLOYMENT_TARGET = 9.1;
				MTL_ENABLE_DEBUG_INFO = YES;
				ONLY_ACTIVE_ARCH = YES;
				SDKROOT = iphoneos;
				SWIFT_OPTIMIZATION_LEVEL = "-Onone";
				TARGETED_DEVICE_FAMILY = "1,2";
			};
			name = Debug;
		};
		8C0380E91BF278DE0093811A /* Release */ = {
			isa = XCBuildConfiguration;
			buildSettings = {
				ALWAYS_SEARCH_USER_PATHS = NO;
				CLANG_CXX_LANGUAGE_STANDARD = "gnu++0x";
				CLANG_CXX_LIBRARY = "libc++";
				CLANG_ENABLE_MODULES = YES;
				CLANG_ENABLE_OBJC_ARC = YES;
				CLANG_WARN_BOOL_CONVERSION = YES;
				CLANG_WARN_CONSTANT_CONVERSION = YES;
				CLANG_WARN_DIRECT_OBJC_ISA_USAGE = YES_ERROR;
				CLANG_WARN_EMPTY_BODY = YES;
				CLANG_WARN_ENUM_CONVERSION = YES;
				CLANG_WARN_INT_CONVERSION = YES;
				CLANG_WARN_OBJC_ROOT_CLASS = YES_ERROR;
				CLANG_WARN_UNREACHABLE_CODE = YES;
				CLANG_WARN__DUPLICATE_METHOD_MATCH = YES;
				"CODE_SIGN_IDENTITY[sdk=iphoneos*]" = "iPhone Developer";
				COPY_PHASE_STRIP = NO;
				DEBUG_INFORMATION_FORMAT = "dwarf-with-dsym";
				ENABLE_NS_ASSERTIONS = NO;
				ENABLE_STRICT_OBJC_MSGSEND = YES;
				GCC_C_LANGUAGE_STANDARD = gnu99;
				GCC_NO_COMMON_BLOCKS = YES;
				GCC_WARN_64_TO_32_BIT_CONVERSION = YES;
				GCC_WARN_ABOUT_RETURN_TYPE = YES_ERROR;
				GCC_WARN_UNDECLARED_SELECTOR = YES;
				GCC_WARN_UNINITIALIZED_AUTOS = YES_AGGRESSIVE;
				GCC_WARN_UNUSED_FUNCTION = YES;
				GCC_WARN_UNUSED_VARIABLE = YES;
				IPHONEOS_DEPLOYMENT_TARGET = 9.1;
				MTL_ENABLE_DEBUG_INFO = NO;
				SDKROOT = iphoneos;
				TARGETED_DEVICE_FAMILY = "1,2";
				VALIDATE_PRODUCT = YES;
			};
			name = Release;
		};
		8C0380EB1BF278DE0093811A /* Debug */ = {
			isa = XCBuildConfiguration;
			buildSettings = {
				ASSETCATALOG_COMPILER_APPICON_NAME = AppIcon;
				INFOPLIST_FILE = "Pizzas Laguna/Info.plist";
				LD_RUNPATH_SEARCH_PATHS = "$(inherited) @executable_path/Frameworks";
				PRODUCT_BUNDLE_IDENTIFIER = "com.lagunahack.Pizzas-Laguna";
				PRODUCT_NAME = "$(TARGET_NAME)";
			};
			name = Debug;
		};
		8C0380EC1BF278DE0093811A /* Release */ = {
			isa = XCBuildConfiguration;
			buildSettings = {
				ASSETCATALOG_COMPILER_APPICON_NAME = AppIcon;
				INFOPLIST_FILE = "Pizzas Laguna/Info.plist";
				LD_RUNPATH_SEARCH_PATHS = "$(inherited) @executable_path/Frameworks";
				PRODUCT_BUNDLE_IDENTIFIER = "com.lagunahack.Pizzas-Laguna";
				PRODUCT_NAME = "$(TARGET_NAME)";
			};
			name = Release;
		};
/* End XCBuildConfiguration section */

/* Begin XCConfigurationList section */
		8C0380D31BF278DD0093811A /* Build configuration list for PBXProject "Pizzas Laguna" */ = {
			isa = XCConfigurationList;
			buildConfigurations = (
				8C0380E81BF278DE0093811A /* Debug */,
				8C0380E91BF278DE0093811A /* Release */,
			);
			defaultConfigurationIsVisible = 0;
			defaultConfigurationName = Release;
		};
		8C0380EA1BF278DE0093811A /* Build configuration list for PBXNativeTarget "Pizzas Laguna" */ = {
			isa = XCConfigurationList;
			buildConfigurations = (
				8C0380EB1BF278DE0093811A /* Debug */,
				8C0380EC1BF278DE0093811A /* Release */,
			);
			defaultConfigurationIsVisible = 0;
		};
/* End XCConfigurationList section */
	};
	rootObject = 8C0380D01BF278DD0093811A /* Project object */;
}
